{
  "name": "roxify",
  "version": "1.5.10",
  "lockfileVersion": 3,
  "requires": true,
  "packages": {
    "": {
      "name": "roxify",
      "version": "1.5.10",
      "license": "MIT",
      "bin": {
        "rox": "dist/cli.js",
        "roxify": "dist/cli.js"
      },
      "devDependencies": {
        "@types/node": "^22.0.0",
        "typescript": "^5.6.0"
      }
    },
    "..": {
      "extraneous": true,
      "dependencies": {
        "canvas": "^2.11.2",
        "dotenv": "^17.2.3",
        "express": "^4.18.2",
        "gifencoder": "^2.0.1",
        "jimp": "^1.6.0",
        "multer": "^1.4.5-lts.1",
        "pngjs": "^6.0.0"
      },
      "devDependencies": {
        "@types/node": "^25.0.3"
      }
    },
    "node_modules/@types/node": {
      "version": "22.19.5",
      "resolved": "https://registry.npmjs.org/@types/node/-/node-22.19.5.tgz",
      "integrity": "sha512-HfF8+mYcHPcPypui3w3mvzuIErlNOh2OAG+BCeBZCEwyiD5ls2SiCwEyT47OELtf7M3nHxBdu0FsmzdKxkN52Q==",
      "dev": true,
      "dependencies": {
        "undici-types": "~6.21.0"
      }
    },
    "node_modules/typescript": {
      "version": "5.9.3",
      "resolved": "https://registry.npmjs.org/typescript/-/typescript-5.9.3.tgz",
      "integrity": "sha512-jl1vZzPDinLr9eUt3J/t7V6FgNEw9QjvBPdysz9KfQDD41fQrC2Y4vKQdiaUpFT4bXlb1RHhLpp8wtm6M5TgSw==",
      "dev": true,
      "bin": {
        "tsc": "bin/tsc",
        "tsserver": "bin/tsserver"
      },
      "engines": {
        "node": ">=14.17"
      }
    },
    "node_modules/undici-types": {
      "version": "6.21.0",
      "resolved": "https://registry.npmjs.org/undici-types/-/undici-types-6.21.0.tgz",
      "integrity": "sha512-iwDZqg0QAGrg9Rav5H4n0M64c3mkR59cJ6wQp+7C4nI0gsmExaedaYLNO44eT4AtBBwjbTiGPMlt2Md0T9H9JQ==",
      "dev": true
    }
  }
}
